// !$*UTF8*$!
{
	archiveVersion = 1;
	classes = {
	};
	objectVersion = 77;
	objects = {

/* Begin PBXContainerItemProxy section */
		C76C09F72EEF209800BE04E0 /* PBXContainerItemProxy */ = {
			isa = PBXContainerItemProxy;
			containerPortal = C76C09DC2EEF209600BE04E0 /* Project object */;
			proxyType = 1;
			remoteGlobalIDString = C76C09E32EEF209600BE04E0;
			remoteInfo = AssignmentImageListing;
		};
		C76C0A012EEF209800BE04E0 /* PBXContainerItemProxy */ = {
			isa = PBXContainerItemProxy;
			containerPortal = C76C09DC2EEF209600BE04E0 /* Project object */;
			proxyType = 1;
			remoteGlobalIDString = C76C09E32EEF209600BE04E0;
			remoteInfo = AssignmentImageListing;
		};
/* End PBXContainerItemProxy section */

/* Begin PBXFileReference section */
		C76C09E42EEF209600BE04E0 /* AssignmentImageListing.app */ = {isa = PBXFileReference; explicitFileType = wrapper.application; includeInIndex = 0; path = AssignmentImageListing.app; sourceTree = BUILT_PRODUCTS_DIR; };
		C76C09F62EEF209800BE04E0 /* AssignmentImageListingTests.xctest */ = {isa = PBXFileReference; explicitFileType = wrapper.cfbundle; includeInIndex = 0; path = AssignmentImageListingTests.xctest; sourceTree = BUILT_PRODUCTS_DIR; };
		C76C0A002EEF209800BE04E0 /* AssignmentImageListingUITests.xctest */ = {isa = PBXFileReference; explicitFileType = wrapper.cfbundle; includeInIndex = 0; path = AssignmentImageListingUITests.xctest; sourceTree = BUILT_PRODUCTS_DIR; };
/* End PBXFileReference section */

/* Begin PBXFileSystemSynchronizedRootGroup section */
		C76C09E62EEF209600BE04E0 /* AssignmentImageListing */ = {
			isa = PBXFileSystemSynchronizedRootGroup;
			path = AssignmentImageListing;
			sourceTree = "<group>";
		};
		C76C09F92EEF209800BE04E0 /* AssignmentImageListingTests */ = {
			isa = PBXFileSystemSynchronizedRootGroup;
			path = AssignmentImageListingTests;
			sourceTree = "<group>";
		};
		C76C0A032EEF209800BE04E0 /* AssignmentImageListingUITests */ = {
			isa = PBXFileSystemSynchronizedRootGroup;
			path = AssignmentImageListingUITests;
			sourceTree = "<group>";
		};
/* End PBXFileSystemSynchronizedRootGroup section */

/* Begin PBXFrameworksBuildPhase section */
		C76C09E12EEF209600BE04E0 /* Frameworks */ = {
			isa = PBXFrameworksBuildPhase;
			buildActionMask = 2147483647;
			files = (
			);
			runOnlyForDeploymentPostprocessing = 0;
		};
		C76C09F32EEF209800BE04E0 /* Frameworks */ = {
			isa = PBXFrameworksBuildPhase;
			buildActionMask = 2147483647;
			files = (
			);
			runOnlyForDeploymentPostprocessing = 0;
		};
		C76C09FD2EEF209800BE04E0 /* Frameworks */ = {
			isa = PBXFrameworksBuildPhase;
			buildActionMask = 2147483647;
			files = (
			);
			runOnlyForDeploymentPostprocessing = 0;
		};
/* End PBXFrameworksBuildPhase section */

/* Begin PBXGroup section */
		C76C09DB2EEF209600BE04E0 = {
			isa = PBXGroup;
			children = (
				C76C09E62EEF209600BE04E0 /* AssignmentImageListing */,
				C76C09F92EEF209800BE04E0 /* AssignmentImageListingTests */,
				C76C0A032EEF209800BE04E0 /* AssignmentImageListingUITests */,
				C76C09E52EEF209600BE04E0 /* Products */,
			);
			sourceTree = "<group>";
		};
		C76C09E52EEF209600BE04E0 /* Products */ = {
			isa = PBXGroup;
			children = (
				C76C09E42EEF209600BE04E0 /* AssignmentImageListing.app */,
				C76C09F62EEF209800BE04E0 /* AssignmentImageListingTests.xctest */,
				C76C0A002EEF209800BE04E0 /* AssignmentImageListingUITests.xctest */,
			);
			name = Products;
			sourceTree = "<group>";
		};
/* End PBXGroup section */

/* Begin PBXNativeTarget section */
		C76C09E32EEF209600BE04E0 /* AssignmentImageListing */ = {
			isa = PBXNativeTarget;
			buildConfigurationList = C76C0A0A2EEF209800BE04E0 /* Build configuration list for PBXNativeTarget "AssignmentImageListing" */;
			buildPhases = (
				C76C09E02EEF209600BE04E0 /* Sources */,
				C76C09E12EEF209600BE04E0 /* Frameworks */,
				C76C09E22EEF209600BE04E0 /* Resources */,
			);
			buildRules = (
			);
			dependencies = (
			);
			fileSystemSynchronizedGroups = (
				C76C09E62EEF209600BE04E0 /* AssignmentImageListing */,
			);
			name = AssignmentImageListing;
			packageProductDependencies = (
			);
			productName = AssignmentImageListing;
			productReference = C76C09E42EEF209600BE04E0 /* AssignmentImageListing.app */;
			productType = "com.apple.product-type.application";
		};
		C76C09F52EEF209800BE04E0 /* AssignmentImageListingTests */ = {
			isa = PBXNativeTarget;
			buildConfigurationList = C76C0A0D2EEF209800BE04E0 /* Build configuration list for PBXNativeTarget "AssignmentImageListingTests" */;
			buildPhases = (
				C76C09F22EEF209800BE04E0 /* Sources */,
				C76C09F32EEF209800BE04E0 /* Frameworks */,
				C76C09F42EEF209800BE04E0 /* Resources */,
			);
			buildRules = (
			);
			dependencies = (
				C76C09F82EEF209800BE04E0 /* PBXTargetDependency */,
			);
			fileSystemSynchronizedGroups = (
				C76C09F92EEF209800BE04E0 /* AssignmentImageListingTests */,
			);
			name = AssignmentImageListingTests;
			packageProductDependencies = (
			);
			productName = AssignmentImageListingTests;
			productReference = C76C09F62EEF209800BE04E0 /* AssignmentImageListingTests.xctest */;
			productType = "com.apple.product-type.bundle.unit-test";
		};
		C76C09FF2EEF209800BE04E0 /* AssignmentImageListingUITests */ = {
			isa = PBXNativeTarget;
			buildConfigurationList = C76C0A102EEF209800BE04E0 /* Build configuration list for PBXNativeTarget "AssignmentImageListingUITests" */;
			buildPhases = (
				C76C09FC2EEF209800BE04E0 /* Sources */,
				C76C09FD2EEF209800BE04E0 /* Frameworks */,
				C76C09FE2EEF209800BE04E0 /* Resources */,
			);
			buildRules = (
			);
			dependencies = (
				C76C0A022EEF209800BE04E0 /* PBXTargetDependency */,
			);
			fileSystemSynchronizedGroups = (
				C76C0A032EEF209800BE04E0 /* AssignmentImageListingUITests */,
			);
			name = AssignmentImageListingUITests;
			packageProductDependencies = (
			);
			productName = AssignmentImageListingUITests;
			productReference = C76C0A002EEF209800BE04E0 /* AssignmentImageListingUITests.xctest */;
			productType = "com.apple.product-type.bundle.ui-testing";
		};
/* End PBXNativeTarget section */

/* Begin PBXProject section */
		C76C09DC2EEF209600BE04E0 /* Project object */ = {
			isa = PBXProject;
			attributes = {
				BuildIndependentTargetsInParallel = 1;
				LastSwiftUpdateCheck = 1640;
				LastUpgradeCheck = 1640;
				TargetAttributes = {
					C76C09E32EEF209600BE04E0 = {
						CreatedOnToolsVersion = 16.4;
					};
					C76C09F52EEF209800BE04E0 = {
						CreatedOnToolsVersion = 16.4;
						TestTargetID = C76C09E32EEF209600BE04E0;
					};
					C76C09FF2EEF209800BE04E0 = {
						CreatedOnToolsVersion = 16.4;
						TestTargetID = C76C09E32EEF209600BE04E0;
					};
				};
			};
			buildConfigurationList = C76C09DF2EEF209600BE04E0 /* Build configuration list for PBXProject "AssignmentImageListing" */;
			developmentRegion = en;
			hasScannedForEncodings = 0;
			knownRegions = (
				en,
				Base,
			);
			mainGroup = C76C09DB2EEF209600BE04E0;
			minimizedProjectReferenceProxies = 1;
			preferredProjectObjectVersion = 77;
			productRefGroup = C76C09E52EEF209600BE04E0 /* Products */;
			projectDirPath = "";
			projectRoot = "";
			targets = (
				C76C09E32EEF209600BE04E0 /* AssignmentImageListing */,
				C76C09F52EEF209800BE04E0 /* AssignmentImageListingTests */,
				C76C09FF2EEF209800BE04E0 /* AssignmentImageListingUITests */,
			);
		};
/* End PBXProject section */

/* Begin PBXResourcesBuildPhase section */
		C76C09E22EEF209600BE04E0 /* Resources */ = {
			isa = PBXResourcesBuildPhase;
			buildActionMask = 2147483647;
			files = (
			);
			runOnlyForDeploymentPostprocessing = 0;
		};
		C76C09F42EEF209800BE04E0 /* Resources */ = {
			isa = PBXResourcesBuildPhase;
			buildActionMask = 2147483647;
			files = (
			);
			runOnlyForDeploymentPostprocessing = 0;
		};
		C76C09FE2EEF209800BE04E0 /* Resources */ = {
			isa = PBXResourcesBuildPhase;
			buildActionMask = 2147483647;
			files = (
			);
			runOnlyForDeploymentPostprocessing = 0;
		};
/* End PBXResourcesBuildPhase section */

/* Begin PBXSourcesBuildPhase section */
		C76C09E02EEF209600BE04E0 /* Sources */ = {
			isa = PBXSourcesBuildPhase;
			buildActionMask = 2147483647;
			files = (
			);
			runOnlyForDeploymentPostprocessing = 0;
		};
		C76C09F22EEF209800BE04E0 /* Sources */ = {
			isa = PBXSourcesBuildPhase;
			buildActionMask = 2147483647;
			files = (
			);
			runOnlyForDeploymentPostprocessing = 0;
		};
		C76C09FC2EEF209800BE04E0 /* Sources */ = {
			isa = PBXSourcesBuildPhase;
			buildActionMask = 2147483647;
			files = (
			);
			runOnlyForDeploymentPostprocessing = 0;
		};
/* End PBXSourcesBuildPhase section */

/* Begin PBXTargetDependency section */
		C76C09F82EEF209800BE04E0 /* PBXTargetDependency */ = {
			isa = PBXTargetDependency;
			target = C76C09E32EEF209600BE04E0 /* AssignmentImageListing */;
			targetProxy = C76C09F72EEF209800BE04E0 /* PBXContainerItemProxy */;
		};
		C76C0A022EEF209800BE04E0 /* PBXTargetDependency */ = {
			isa = PBXTargetDependency;
			target = C76C09E32EEF209600BE04E0 /* AssignmentImageListing */;
			targetProxy = C76C0A012EEF209800BE04E0 /* PBXContainerItemProxy */;
		};
/* End PBXTargetDependency section */

/* Begin XCBuildConfiguration section */
		C76C0A082EEF209800BE04E0 /* Debug */ = {
			isa = XCBuildConfiguration;
			buildSettings = {
				ALWAYS_SEARCH_USER_PATHS = NO;
				ASSETCATALOG_COMPILER_GENERATE_SWIFT_ASSET_SYMBOL_EXTENSIONS = YES;
				CLANG_ANALYZER_NONNULL = YES;
				CLANG_ANALYZER_NUMBER_OBJECT_CONVERSION = YES_AGGRESSIVE;
				CLANG_CXX_LANGUAGE_STANDARD = "gnu++20";
				CLANG_ENABLE_MODULES = YES;
				CLANG_ENABLE_OBJC_ARC = YES;
				CLANG_ENABLE_OBJC_WEAK = YES;
				CLANG_WARN_BLOCK_CAPTURE_AUTORELEASING = YES;
				CLANG_WARN_BOOL_CONVERSION = YES;
				CLANG_WARN_COMMA = YES;
				CLANG_WARN_CONSTANT_CONVERSION = YES;
				CLANG_WARN_DEPRECATED_OBJC_IMPLEMENTATIONS = YES;
				CLANG_WARN_DIRECT_OBJC_ISA_USAGE = YES_ERROR;
				CLANG_WARN_DOCUMENTATION_COMMENTS = YES;
				CLANG_WARN_EMPTY_BODY = YES;
				CLANG_WARN_ENUM_CONVERSION = YES;
				CLANG_WARN_INFINITE_RECURSION = YES;
				CLANG_WARN_INT_CONVERSION = YES;
				CLANG_WARN_NON_LITERAL_NULL_CONVERSION = YES;
				CLANG_WARN_OBJC_IMPLICIT_RETAIN_SELF = YES;
				CLANG_WARN_OBJC_LITERAL_CONVERSION = YES;
				CLANG_WARN_OBJC_ROOT_CLASS = YES_ERROR;
				CLANG_WARN_QUOTED_INCLUDE_IN_FRAMEWORK_HEADER = YES;
				CLANG_WARN_RANGE_LOOP_ANALYSIS = YES;
				CLANG_WARN_STRICT_PROTOTYPES = YES;
				CLANG_WARN_SUSPICIOUS_MOVE = YES;
				CLANG_WARN_UNGUARDED_AVAILABILITY = YES_AGGRESSIVE;
				CLANG_WARN_UNREACHABLE_CODE = YES;
				CLANG_WARN__DUPLICATE_METHOD_MATCH = YES;
				COPY_PHASE_STRIP = NO;
				DEBUG_INFORMATION_FORMAT = dwarf;
				DEVELOPMENT_TEAM = NKZD2ANCX8;
				ENABLE_STRICT_OBJC_MSGSEND = YES;
				ENABLE_TESTABILITY = YES;
				ENABLE_USER_SCRIPT_SANDBOXING = YES;
				GCC_C_LANGUAGE_STANDARD = gnu17;
				GCC_DYNAMIC_NO_PIC = NO;
				GCC_NO_COMMON_BLOCKS = YES;
				GCC_OPTIMIZATION_LEVEL = 0;
				GCC_PREPROCESSOR_DEFINITIONS = (
					"DEBUG=1",
					"$(inherited)",
				);
				GCC_WARN_64_TO_32_BIT_CONVERSION = YES;
				GCC_WARN_ABOUT_RETURN_TYPE = YES_ERROR;
				GCC_WARN_UNDECLARED_SELECTOR = YES;
				GCC_WARN_UNINITIALIZED_AUTOS = YES_AGGRESSIVE;
				GCC_WARN_UNUSED_FUNCTION = YES;
				GCC_WARN_UNUSED_VARIABLE = YES;
				IPHONEOS_DEPLOYMENT_TARGET = 18.5;
				LOCALIZATION_PREFERS_STRING_CATALOGS = YES;
				MTL_ENABLE_DEBUG_INFO = INCLUDE_SOURCE;
				MTL_FAST_MATH = YES;
				ONLY_ACTIVE_ARCH = YES;
				SDKROOT = iphoneos;
				SWIFT_ACTIVE_COMPILATION_CONDITIONS = "DEBUG $(inherited)";
				SWIFT_OPTIMIZATION_LEVEL = "-Onone";
			};
			name = Debug;
		};
		C76C0A092EEF209800BE04E0 /* Release */ = {
			isa = XCBuildConfiguration;
			buildSettings = {
				ALWAYS_SEARCH_USER_PATHS = NO;
				ASSETCATALOG_COMPILER_GENERATE_SWIFT_ASSET_SYMBOL_EXTENSIONS = YES;
				CLANG_ANALYZER_NONNULL = YES;
				CLANG_ANALYZER_NUMBER_OBJECT_CONVERSION = YES_AGGRESSIVE;
				CLANG_CXX_LANGUAGE_STANDARD = "gnu++20";
				CLANG_ENABLE_MODULES = YES;
				CLANG_ENABLE_OBJC_ARC = YES;
				CLANG_ENABLE_OBJC_WEAK = YES;
				CLANG_WARN_BLOCK_CAPTURE_AUTORELEASING = YES;
				CLANG_WARN_BOOL_CONVERSION = YES;
				CLANG_WARN_COMMA = YES;
				CLANG_WARN_CONSTANT_CONVERSION = YES;
				CLANG_WARN_DEPRECATED_OBJC_IMPLEMENTATIONS = YES;
				CLANG_WARN_DIRECT_OBJC_ISA_USAGE = YES_ERROR;
				CLANG_WARN_DOCUMENTATION_COMMENTS = YES;
				CLANG_WARN_EMPTY_BODY = YES;
				CLANG_WARN_ENUM_CONVERSION = YES;
				CLANG_WARN_INFINITE_RECURSION = YES;
				CLANG_WARN_INT_CONVERSION = YES;
				CLANG_WARN_NON_LITERAL_NULL_CONVERSION = YES;
				CLANG_WARN_OBJC_IMPLICIT_RETAIN_SELF = YES;
				CLANG_WARN_OBJC_LITERAL_CONVERSION = YES;
				CLANG_WARN_OBJC_ROOT_CLASS = YES_ERROR;
				CLANG_WARN_QUOTED_INCLUDE_IN_FRAMEWORK_HEADER = YES;
				CLANG_WARN_RANGE_LOOP_ANALYSIS = YES;
				CLANG_WARN_STRICT_PROTOTYPES = YES;
				CLANG_WARN_SUSPICIOUS_MOVE = YES;
				CLANG_WARN_UNGUARDED_AVAILABILITY = YES_AGGRESSIVE;
				CLANG_WARN_UNREACHABLE_CODE = YES;
				CLANG_WARN__DUPLICATE_METHOD_MATCH = YES;
				COPY_PHASE_STRIP = NO;
				DEBUG_INFORMATION_FORMAT = "dwarf-with-dsym";
				DEVELOPMENT_TEAM = NKZD2ANCX8;
				ENABLE_NS_ASSERTIONS = NO;
				ENABLE_STRICT_OBJC_MSGSEND = YES;
				ENABLE_USER_SCRIPT_SANDBOXING = YES;
				GCC_C_LANGUAGE_STANDARD = gnu17;
				GCC_NO_COMMON_BLOCKS = YES;
				GCC_WARN_64_TO_32_BIT_CONVERSION = YES;
				GCC_WARN_ABOUT_RETURN_TYPE = YES_ERROR;
				GCC_WARN_UNDECLARED_SELECTOR = YES;
				GCC_WARN_UNINITIALIZED_AUTOS = YES_AGGRESSIVE;
				GCC_WARN_UNUSED_FUNCTION = YES;
				GCC_WARN_UNUSED_VARIABLE = YES;
				IPHONEOS_DEPLOYMENT_TARGET = 18.5;
				LOCALIZATION_PREFERS_STRING_CATALOGS = YES;
				MTL_ENABLE_DEBUG_INFO = NO;
				MTL_FAST_MATH = YES;
				SDKROOT = iphoneos;
				SWIFT_COMPILATION_MODE = wholemodule;
				VALIDATE_PRODUCT = YES;
			};
			name = Release;
		};
		C76C0A0B2EEF209800BE04E0 /* Debug */ = {
			isa = XCBuildConfiguration;
			buildSettings = {
				ASSETCATALOG_COMPILER_APPICON_NAME = AppIcon;
				ASSETCATALOG_COMPILER_GLOBAL_ACCENT_COLOR_NAME = AccentColor;
				CODE_SIGN_STYLE = Automatic;
				CURRENT_PROJECT_VERSION = 1;
				DEVELOPMENT_TEAM = NKZD2ANCX8;
				ENABLE_PREVIEWS = YES;
				GENERATE_INFOPLIST_FILE = YES;
				INFOPLIST_KEY_UIApplicationSceneManifest_Generation = YES;
				INFOPLIST_KEY_UIApplicationSupportsIndirectInputEvents = YES;
				INFOPLIST_KEY_UILaunchScreen_Generation = YES;
				INFOPLIST_KEY_UISupportedInterfaceOrientations_iPad = "UIInterfaceOrientationPortrait UIInterfaceOrientationPortraitUpsideDown UIInterfaceOrientationLandscapeLeft UIInterfaceOrientationLandscapeRight";
				INFOPLIST_KEY_UISupportedInterfaceOrientations_iPhone = "UIInterfaceOrientationPortrait UIInterfaceOrientationLandscapeLeft UIInterfaceOrientationLandscapeRight";
				LD_RUNPATH_SEARCH_PATHS = (
					"$(inherited)",
					"@executable_path/Frameworks",
				);
				MARKETING_VERSION = 1.0;
				PRODUCT_BUNDLE_IDENTIFIER = com.abhay.ios.AssignmentImageListing;
				PRODUCT_NAME = "$(TARGET_NAME)";
				SWIFT_EMIT_LOC_STRINGS = YES;
				SWIFT_VERSION = 5.0;
				TARGETED_DEVICE_FAMILY = "1,2";
			};
			name = Debug;
		};
		C76C0A0C2EEF209800BE04E0 /* Release */ = {
			isa = XCBuildConfiguration;
			buildSettings = {
				ASSETCATALOG_COMPILER_APPICON_NAME = AppIcon;
				ASSETCATALOG_COMPILER_GLOBAL_ACCENT_COLOR_NAME = AccentColor;
				CODE_SIGN_STYLE = Automatic;
				CURRENT_PROJECT_VERSION = 1;
				DEVELOPMENT_TEAM = NKZD2ANCX8;
				ENABLE_PREVIEWS = YES;
				GENERATE_INFOPLIST_FILE = YES;
				INFOPLIST_KEY_UIApplicationSceneManifest_Generation = YES;
				INFOPLIST_KEY_UIApplicationSupportsIndirectInputEvents = YES;
				INFOPLIST_KEY_UILaunchScreen_Generation = YES;
				INFOPLIST_KEY_UISupportedInterfaceOrientations_iPad = "UIInterfaceOrientationPortrait UIInterfaceOrientationPortraitUpsideDown UIInterfaceOrientationLandscapeLeft UIInterfaceOrientationLandscapeRight";
				INFOPLIST_KEY_UISupportedInterfaceOrientations_iPhone = "UIInterfaceOrientationPortrait UIInterfaceOrientationLandscapeLeft UIInterfaceOrientationLandscapeRight";
				LD_RUNPATH_SEARCH_PATHS = (
					"$(inherited)",
					"@executable_path/Frameworks",
				);
				MARKETING_VERSION = 1.0;
				PRODUCT_BUNDLE_IDENTIFIER = com.abhay.ios.AssignmentImageListing;
				PRODUCT_NAME = "$(TARGET_NAME)";
				SWIFT_EMIT_LOC_STRINGS = YES;
				SWIFT_VERSION = 5.0;
				TARGETED_DEVICE_FAMILY = "1,2";
			};
			name = Release;
		};
		C76C0A0E2EEF209800BE04E0 /* Debug */ = {
			isa = XCBuildConfiguration;
			buildSettings = {
				BUNDLE_LOADER = "$(TEST_HOST)";
				CODE_SIGN_STYLE = Automatic;
				CURRENT_PROJECT_VERSION = 1;
				DEVELOPMENT_TEAM = NKZD2ANCX8;
				GENERATE_INFOPLIST_FILE = YES;
				IPHONEOS_DEPLOYMENT_TARGET = 18.5;
				MARKETING_VERSION = 1.0;
				PRODUCT_BUNDLE_IDENTIFIER = com.abhay.ios.AssignmentImageListingTests;
				PRODUCT_NAME = "$(TARGET_NAME)";
				SWIFT_EMIT_LOC_STRINGS = NO;
				SWIFT_VERSION = 5.0;
				TARGETED_DEVICE_FAMILY = "1,2";
				TEST_HOST = "$(BUILT_PRODUCTS_DIR)/AssignmentImageListing.app/$(BUNDLE_EXECUTABLE_FOLDER_PATH)/AssignmentImageListing";
			};
			name = Debug;
		};
		C76C0A0F2EEF209800BE04E0 /* Release */ = {
			isa = XCBuildConfiguration;
			buildSettings = {
				BUNDLE_LOADER = "$(TEST_HOST)";
				CODE_SIGN_STYLE = Automatic;
				CURRENT_PROJECT_VERSION = 1;
				DEVELOPMENT_TEAM = NKZD2ANCX8;
				GENERATE_INFOPLIST_FILE = YES;
				IPHONEOS_DEPLOYMENT_TARGET = 18.5;
				MARKETING_VERSION = 1.0;
				PRODUCT_BUNDLE_IDENTIFIER = com.abhay.ios.AssignmentImageListingTests;
				PRODUCT_NAME = "$(TARGET_NAME)";
				SWIFT_EMIT_LOC_STRINGS = NO;
				SWIFT_VERSION = 5.0;
				TARGETED_DEVICE_FAMILY = "1,2";
				TEST_HOST = "$(BUILT_PRODUCTS_DIR)/AssignmentImageListing.app/$(BUNDLE_EXECUTABLE_FOLDER_PATH)/AssignmentImageListing";
			};
			name = Release;
		};
		C76C0A112EEF209800BE04E0 /* Debug */ = {
			isa = XCBuildConfiguration;
			buildSettings = {
				CODE_SIGN_STYLE = Automatic;
				CURRENT_PROJECT_VERSION = 1;
				DEVELOPMENT_TEAM = NKZD2ANCX8;
				GENERATE_INFOPLIST_FILE = YES;
				MARKETING_VERSION = 1.0;
				PRODUCT_BUNDLE_IDENTIFIER = com.abhay.ios.AssignmentImageListingUITests;
				PRODUCT_NAME = "$(TARGET_NAME)";
				SWIFT_EMIT_LOC_STRINGS = NO;
				SWIFT_VERSION = 5.0;
				TARGETED_DEVICE_FAMILY = "1,2";
				TEST_TARGET_NAME = AssignmentImageListing;
			};
			name = Debug;
		};
		C76C0A122EEF209800BE04E0 /* Release */ = {
			isa = XCBuildConfiguration;
			buildSettings = {
				CODE_SIGN_STYLE = Automatic;
				CURRENT_PROJECT_VERSION = 1;
				DEVELOPMENT_TEAM = NKZD2ANCX8;
				GENERATE_INFOPLIST_FILE = YES;
				MARKETING_VERSION = 1.0;
				PRODUCT_BUNDLE_IDENTIFIER = com.abhay.ios.AssignmentImageListingUITests;
				PRODUCT_NAME = "$(TARGET_NAME)";
				SWIFT_EMIT_LOC_STRINGS = NO;
				SWIFT_VERSION = 5.0;
				TARGETED_DEVICE_FAMILY = "1,2";
				TEST_TARGET_NAME = AssignmentImageListing;
			};
			name = Release;
		};
/* End XCBuildConfiguration section */

/* Begin XCConfigurationList section */
		C76C09DF2EEF209600BE04E0 /* Build configuration list for PBXProject "AssignmentImageListing" */ = {
			isa = XCConfigurationList;
			buildConfigurations = (
				C76C0A082EEF209800BE04E0 /* Debug */,
				C76C0A092EEF209800BE04E0 /* Release */,
			);
			defaultConfigurationIsVisible = 0;
			defaultConfigurationName = Release;
		};
		C76C0A0A2EEF209800BE04E0 /* Build configuration list for PBXNativeTarget "AssignmentImageListing" */ = {
			isa = XCConfigurationList;
			buildConfigurations = (
				C76C0A0B2EEF209800BE04E0 /* Debug */,
				C76C0A0C2EEF209800BE04E0 /* Release */,
			);
			defaultConfigurationIsVisible = 0;
			defaultConfigurationName = Release;
		};
		C76C0A0D2EEF209800BE04E0 /* Build configuration list for PBXNativeTarget "AssignmentImageListingTests" */ = {
			isa = XCConfigurationList;
			buildConfigurations = (
				C76C0A0E2EEF209800BE04E0 /* Debug */,
				C76C0A0F2EEF209800BE04E0 /* Release */,
			);
			defaultConfigurationIsVisible = 0;
			defaultConfigurationName = Release;
		};
		C76C0A102EEF209800BE04E0 /* Build configuration list for PBXNativeTarget "AssignmentImageListingUITests" */ = {
			isa = XCConfigurationList;
			buildConfigurations = (
				C76C0A112EEF209800BE04E0 /* Debug */,
				C76C0A122EEF209800BE04E0 /* Release */,
			);
			defaultConfigurationIsVisible = 0;
			defaultConfigurationName = Release;
		};
/* End XCConfigurationList section */
	};
	rootObject = C76C09DC2EEF209600BE04E0 /* Project object */;
}
